
Microsoft Visual Studio Solution File, Format Version 12.00
# Visual Studio Version 17
VisualStudioVersion = 17.0.31912.275
MinimumVisualStudioVersion = 10.0.40219.1
Project("{9A19103F-16F7-4668-BE54-9A1E7A4F7556}") = "AOC2021", "AOC2021\AOC2021.csproj", "{40655C84-D300-40A4-BB41-F9F96603C129}"
EndProject
Project("{9A19103F-16F7-4668-BE54-9A1E7A4F7556}") = "Common", "Common\Common.csproj", "{D91E7F1E-27A6-4BE3-8751-70073E65D17D}"
EndProject
Project("{9A19103F-16F7-4668-BE54-9A1E7A4F7556}") = "AOC2020", "AOC2020\AOC2020.csproj", "{5C745227-1406-470C-8992-D745A7FA0265}"
EndProject
Project("{9A19103F-16F7-4668-BE54-9A1E7A4F7556}") = "AOC2015", "AOC2015\AOC2015.csproj", "{3E468B85-7D17-42AA-8CB6-6F939201B641}"
EndProject
Project("{9A19103F-16F7-4668-BE54-9A1E7A4F7556}") = "AOC2022", "AOC2022\AOC2022.csproj", "{F8B3A798-AEC8-4112-A90F-81262913B306}"
EndProject
Global
	GlobalSection(SolutionConfigurationPlatforms) = preSolution
		Debug|Any CPU = Debug|Any CPU
		Release|Any CPU = Release|Any CPU
	EndGlobalSection
	GlobalSection(ProjectConfigurationPlatforms) = postSolution
		{40655C84-D300-40A4-BB41-F9F96603C129}.Debug|Any CPU.ActiveCfg = Debug|Any CPU
		{40655C84-D300-40A4-BB41-F9F96603C129}.Debug|Any CPU.Build.0 = Debug|Any CPU
		{40655C84-D300-40A4-BB41-F9F96603C129}.Release|Any CPU.ActiveCfg = Release|Any CPU
		{40655C84-D300-40A4-BB41-F9F96603C129}.Release|Any CPU.Build.0 = Release|Any CPU
		{D91E7F1E-27A6-4BE3-8751-70073E65D17D}.Debug|Any CPU.ActiveCfg = Debug|Any CPU
		{D91E7F1E-27A6-4BE3-8751-70073E65D17D}.Debug|Any CPU.Build.0 = Debug|Any CPU
		{D91E7F1E-27A6-4BE3-8751-70073E65D17D}.Release|Any CPU.ActiveCfg = Release|Any CPU
		{D91E7F1E-27A6-4BE3-8751-70073E65D17D}.Release|Any CPU.Build.0 = Release|Any CPU
		{5C745227-1406-470C-8992-D745A7FA0265}.Debug|Any CPU.ActiveCfg = Debug|Any CPU
		{5C745227-1406-470C-8992-D745A7FA0265}.Debug|Any CPU.Build.0 = Debug|Any CPU
		{5C745227-1406-470C-8992-D745A7FA0265}.Release|Any CPU.ActiveCfg = Release|Any CPU
		{5C745227-1406-470C-8992-D745A7FA0265}.Release|Any CPU.Build.0 = Release|Any CPU
		{3E468B85-7D17-42AA-8CB6-6F939201B641}.Debug|Any CPU.ActiveCfg = Debug|Any CPU
		{3E468B85-7D17-42AA-8CB6-6F939201B641}.Debug|Any CPU.Build.0 = Debug|Any CPU
		{3E468B85-7D17-42AA-8CB6-6F939201B641}.Release|Any CPU.ActiveCfg = Release|Any CPU
		{3E468B85-7D17-42AA-8CB6-6F939201B641}.Release|Any CPU.Build.0 = Release|Any CPU
		{F8B3A798-AEC8-4112-A90F-81262913B306}.Debug|Any CPU.ActiveCfg = Debug|Any CPU
		{F8B3A798-AEC8-4112-A90F-81262913B306}.Debug|Any CPU.Build.0 = Debug|Any CPU
		{F8B3A798-AEC8-4112-A90F-81262913B306}.Release|Any CPU.ActiveCfg = Release|Any CPU
		{F8B3A798-AEC8-4112-A90F-81262913B306}.Release|Any CPU.Build.0 = Release|Any CPU
	EndGlobalSection
	GlobalSection(SolutionProperties) = preSolution
		HideSolutionNode = FALSE
	EndGlobalSection
	GlobalSection(ExtensibilityGlobals) = postSolution
		SolutionGuid = {1ED49765-08BE-466B-A93D-461B490B0821}
	EndGlobalSection
EndGlobal
